# THIS IS AN AUTOGENERATED FILE. DO NOT EDIT THIS FILE DIRECTLY.
# yarn lockfile v1


"@types/awesome-notifications@^3.1.1":
  version "3.1.1"
  resolved "https://registry.yarnpkg.com/@types/awesome-notifications/-/awesome-notifications-3.1.1.tgz#f703308577c17031326ddfdc953b4a5c95fa7055"
  integrity sha512-mztd2dpZ0BRhx3rw37/NKAj1YQRn0ZKoY8G6SfPSME8YA2sjPdhM7AoP6h7xl467rgNrHixUh+AzxicIbN6abA==
